
Microsoft Visual Studio Solution File, Format Version 12.00
# Visual Studio Version 16
VisualStudioVersion = 16.0.30413.136
MinimumVisualStudioVersion = 10.0.40219.1
Project("{FAE04EC0-301F-11D3-BF4B-00C04F79EFBC}") = "Abstract Factory animal", "Abstract Factory animal.csproj", "{24D11BE3-A9BA-4828-A0DE-648C501A110D}"
EndProject
Global
	GlobalSection(SolutionConfigurationPlatforms) = preSolution
		Debug|Any CPU = Debug|Any CPU
		Release|Any CPU = Release|Any CPU
	EndGlobalSection
	GlobalSection(ProjectConfigurationPlatforms) = postSolution
		{24D11BE3-A9BA-4828-A0DE-648C501A110D}.Debug|Any CPU.ActiveCfg = Debug|Any CPU
		{24D11BE3-A9BA-4828-A0DE-648C501A110D}.Debug|Any CPU.Build.0 = Debug|Any CPU
		{24D11BE3-A9BA-4828-A0DE-648C501A110D}.Release|Any CPU.ActiveCfg = Release|Any CPU
		{24D11BE3-A9BA-4828-A0DE-648C501A110D}.Release|Any CPU.Build.0 = Release|Any CPU
	EndGlobalSection
	GlobalSection(SolutionProperties) = preSolution
		HideSolutionNode = FALSE
	EndGlobalSection
	GlobalSection(ExtensibilityGlobals) = postSolution
		SolutionGuid = {8FC4B366-FE00-4ABF-95EC-76E380A6CE1C}
	EndGlobalSection
EndGlobal
